
Microsoft Visual Studio Solution File, Format Version 12.00
# Visual Studio 15
VisualStudioVersion = 15.0.27130.2027
MinimumVisualStudioVersion = 10.0.40219.1
Project("{FAE04EC0-301F-11D3-BF4B-00C04F79EFBC}") = "Proyecto de Programacion", "Proyecto de Programacion\Proyecto de Programacion.csproj", "{0371621D-9289-4513-8417-77217D4DBE34}"
EndProject
Global
	GlobalSection(SolutionConfigurationPlatforms) = preSolution
		Debug|Any CPU = Debug|Any CPU
		Release|Any CPU = Release|Any CPU
	EndGlobalSection
	GlobalSection(ProjectConfigurationPlatforms) = postSolution
		{0371621D-9289-4513-8417-77217D4DBE34}.Debug|Any CPU.ActiveCfg = Debug|Any CPU
		{0371621D-9289-4513-8417-77217D4DBE34}.Debug|Any CPU.Build.0 = Debug|Any CPU
		{0371621D-9289-4513-8417-77217D4DBE34}.Release|Any CPU.ActiveCfg = Release|Any CPU
		{0371621D-9289-4513-8417-77217D4DBE34}.Release|Any CPU.Build.0 = Release|Any CPU
	EndGlobalSection
	GlobalSection(SolutionProperties) = preSolution
		HideSolutionNode = FALSE
	EndGlobalSection
	GlobalSection(ExtensibilityGlobals) = postSolution
		SolutionGuid = {B2552AAA-AF46-4584-9E02-4D6EE451B0F0}
	EndGlobalSection
EndGlobal
